// !$*UTF8*$!
{
	archiveVersion = 1;
	classes = {
	};
	objectVersion = 50;
	objects = {

/* Begin PBXBuildFile section */
		BA911DA021B092F60033A753 /* AlarmSettingsTableViewController.swift in Sources */ = {isa = PBXBuildFile; fileRef = BA911D9F21B092F60033A753 /* AlarmSettingsTableViewController.swift */; };
		BA911DA221B0A5680033A753 /* MemoryFunctions.swift in Sources */ = {isa = PBXBuildFile; fileRef = BA911DA121B0A5680033A753 /* MemoryFunctions.swift */; };
		BABA18D42197911100B03CCD /* AppDelegate.swift in Sources */ = {isa = PBXBuildFile; fileRef = BABA18D32197911100B03CCD /* AppDelegate.swift */; };
		BABA18D62197911100B03CCD /* AlarmTableViewController.swift in Sources */ = {isa = PBXBuildFile; fileRef = BABA18D52197911100B03CCD /* AlarmTableViewController.swift */; };
		BABA18D92197911100B03CCD /* Main.storyboard in Resources */ = {isa = PBXBuildFile; fileRef = BABA18D72197911100B03CCD /* Main.storyboard */; };
		BABA18DB2197911300B03CCD /* Assets.xcassets in Resources */ = {isa = PBXBuildFile; fileRef = BABA18DA2197911300B03CCD /* Assets.xcassets */; };
		BABA18DE2197911300B03CCD /* LaunchScreen.storyboard in Resources */ = {isa = PBXBuildFile; fileRef = BABA18DC2197911300B03CCD /* LaunchScreen.storyboard */; };
		BABA18E621979A2C00B03CCD /* Alarm.swift in Sources */ = {isa = PBXBuildFile; fileRef = BABA18E521979A2C00B03CCD /* Alarm.swift */; };
		BABA18E82197A42500B03CCD /* Snooze.swift in Sources */ = {isa = PBXBuildFile; fileRef = BABA18E72197A42500B03CCD /* Snooze.swift */; };
		BABA18EA2197A44D00B03CCD /* Alert.swift in Sources */ = {isa = PBXBuildFile; fileRef = BABA18E92197A44D00B03CCD /* Alert.swift */; };
		BAE4D8C121AF4852004A70AB /* Schedule.swift in Sources */ = {isa = PBXBuildFile; fileRef = BAE4D8C021AF4852004A70AB /* Schedule.swift */; };
		BAE4D8C521AF4CBE004A70AB /* StylingConstants.swift in Sources */ = {isa = PBXBuildFile; fileRef = BAE4D8C421AF4CBE004A70AB /* StylingConstants.swift */; };
		BAE4D8C721AF56C4004A70AB /* AlarmTableViewCell.swift in Sources */ = {isa = PBXBuildFile; fileRef = BAE4D8C621AF56C4004A70AB /* AlarmTableViewCell.swift */; };
/* End PBXBuildFile section */

/* Begin PBXFileReference section */
		BA911D9F21B092F60033A753 /* AlarmSettingsTableViewController.swift */ = {isa = PBXFileReference; lastKnownFileType = sourcecode.swift; path = AlarmSettingsTableViewController.swift; sourceTree = "<group>"; };
		BA911DA121B0A5680033A753 /* MemoryFunctions.swift */ = {isa = PBXFileReference; lastKnownFileType = sourcecode.swift; path = MemoryFunctions.swift; sourceTree = "<group>"; };
		BABA18D02197911100B03CCD /* AlarmPlus.app */ = {isa = PBXFileReference; explicitFileType = wrapper.application; includeInIndex = 0; path = AlarmPlus.app; sourceTree = BUILT_PRODUCTS_DIR; };
		BABA18D32197911100B03CCD /* AppDelegate.swift */ = {isa = PBXFileReference; lastKnownFileType = sourcecode.swift; path = AppDelegate.swift; sourceTree = "<group>"; };
		BABA18D52197911100B03CCD /* AlarmTableViewController.swift */ = {isa = PBXFileReference; lastKnownFileType = sourcecode.swift; path = AlarmTableViewController.swift; sourceTree = "<group>"; };
		BABA18D82197911100B03CCD /* Base */ = {isa = PBXFileReference; lastKnownFileType = file.storyboard; name = Base; path = Base.lproj/Main.storyboard; sourceTree = "<group>"; };
		BABA18DA2197911300B03CCD /* Assets.xcassets */ = {isa = PBXFileReference; lastKnownFileType = folder.assetcatalog; path = Assets.xcassets; sourceTree = "<group>"; };
		BABA18DD2197911300B03CCD /* Base */ = {isa = PBXFileReference; lastKnownFileType = file.storyboard; name = Base; path = Base.lproj/LaunchScreen.storyboard; sourceTree = "<group>"; };
		BABA18DF2197911300B03CCD /* Info.plist */ = {isa = PBXFileReference; lastKnownFileType = text.plist.xml; path = Info.plist; sourceTree = "<group>"; };
		BABA18E521979A2C00B03CCD /* Alarm.swift */ = {isa = PBXFileReference; lastKnownFileType = sourcecode.swift; path = Alarm.swift; sourceTree = "<group>"; };
		BABA18E72197A42500B03CCD /* Snooze.swift */ = {isa = PBXFileReference; lastKnownFileType = sourcecode.swift; path = Snooze.swift; sourceTree = "<group>"; };
		BABA18E92197A44D00B03CCD /* Alert.swift */ = {isa = PBXFileReference; lastKnownFileType = sourcecode.swift; path = Alert.swift; sourceTree = "<group>"; };
		BAE4D8C021AF4852004A70AB /* Schedule.swift */ = {isa = PBXFileReference; lastKnownFileType = sourcecode.swift; path = Schedule.swift; sourceTree = "<group>"; };
		BAE4D8C421AF4CBE004A70AB /* StylingConstants.swift */ = {isa = PBXFileReference; lastKnownFileType = sourcecode.swift; path = StylingConstants.swift; sourceTree = "<group>"; };
		BAE4D8C621AF56C4004A70AB /* AlarmTableViewCell.swift */ = {isa = PBXFileReference; lastKnownFileType = sourcecode.swift; path = AlarmTableViewCell.swift; sourceTree = "<group>"; };
/* End PBXFileReference section */

/* Begin PBXFrameworksBuildPhase section */
		BABA18CD2197911100B03CCD /* Frameworks */ = {
			isa = PBXFrameworksBuildPhase;
			buildActionMask = 2147483647;
			files = (
			);
			runOnlyForDeploymentPostprocessing = 0;
		};
/* End PBXFrameworksBuildPhase section */

/* Begin PBXGroup section */
		BA2564B12197B65300C712C2 /* Models */ = {
			isa = PBXGroup;
			children = (
				BABA18E521979A2C00B03CCD /* Alarm.swift */,
				BABA18E92197A44D00B03CCD /* Alert.swift */,
				BABA18E72197A42500B03CCD /* Snooze.swift */,
				BAE4D8C021AF4852004A70AB /* Schedule.swift */,
			);
			path = Models;
			sourceTree = "<group>";
		};
		BABA18C72197911100B03CCD = {
			isa = PBXGroup;
			children = (
				BABA18D22197911100B03CCD /* AlarmPlus */,
				BABA18D12197911100B03CCD /* Products */,
			);
			sourceTree = "<group>";
		};
		BABA18D12197911100B03CCD /* Products */ = {
			isa = PBXGroup;
			children = (
				BABA18D02197911100B03CCD /* AlarmPlus.app */,
			);
			name = Products;
			sourceTree = "<group>";
		};
		BABA18D22197911100B03CCD /* AlarmPlus */ = {
			isa = PBXGroup;
			children = (
				BAE4D8BF21AF45FE004A70AB /* Views */,
				BA2564B12197B65300C712C2 /* Models */,
				BABA18D32197911100B03CCD /* AppDelegate.swift */,
				BABA18DA2197911300B03CCD /* Assets.xcassets */,
				BABA18DC2197911300B03CCD /* LaunchScreen.storyboard */,
				BABA18DF2197911300B03CCD /* Info.plist */,
			);
			path = AlarmPlus;
			sourceTree = "<group>";
		};
		BAE4D8BF21AF45FE004A70AB /* Views */ = {
			isa = PBXGroup;
			children = (
				BAE4D8C321AF4CA0004A70AB /* Styling */,
				BABA18D72197911100B03CCD /* Main.storyboard */,
				BA911DA121B0A5680033A753 /* MemoryFunctions.swift */,
				BA911D9F21B092F60033A753 /* AlarmSettingsTableViewController.swift */,
				BABA18D52197911100B03CCD /* AlarmTableViewController.swift */,
				BAE4D8C621AF56C4004A70AB /* AlarmTableViewCell.swift */,
			);
			path = Views;
			sourceTree = "<group>";
		};
		BAE4D8C321AF4CA0004A70AB /* Styling */ = {
			isa = PBXGroup;
			children = (
				BAE4D8C421AF4CBE004A70AB /* StylingConstants.swift */,
			);
			path = Styling;
			sourceTree = "<group>";
		};
/* End PBXGroup section */

/* Begin PBXNativeTarget section */
		BABA18CF2197911100B03CCD /* AlarmPlus */ = {
			isa = PBXNativeTarget;
			buildConfigurationList = BABA18E22197911300B03CCD /* Build configuration list for PBXNativeTarget "AlarmPlus" */;
			buildPhases = (
				BABA18CC2197911100B03CCD /* Sources */,
				BABA18CD2197911100B03CCD /* Frameworks */,
				BABA18CE2197911100B03CCD /* Resources */,
			);
			buildRules = (
			);
			dependencies = (
			);
			name = AlarmPlus;
			productName = AlarmPlus;
			productReference = BABA18D02197911100B03CCD /* AlarmPlus.app */;
			productType = "com.apple.product-type.application";
		};
/* End PBXNativeTarget section */

/* Begin PBXProject section */
		BABA18C82197911100B03CCD /* Project object */ = {
			isa = PBXProject;
			attributes = {
				LastSwiftUpdateCheck = 1010;
				LastUpgradeCheck = 1010;
				ORGANIZATIONNAME = Praxsis;
				TargetAttributes = {
					BABA18CF2197911100B03CCD = {
						CreatedOnToolsVersion = 10.1;
					};
				};
			};
			buildConfigurationList = BABA18CB2197911100B03CCD /* Build configuration list for PBXProject "AlarmPlus" */;
			compatibilityVersion = "Xcode 9.3";
			developmentRegion = en;
			hasScannedForEncodings = 0;
			knownRegions = (
				en,
				Base,
			);
			mainGroup = BABA18C72197911100B03CCD;
			productRefGroup = BABA18D12197911100B03CCD /* Products */;
			projectDirPath = "";
			projectRoot = "";
			targets = (
				BABA18CF2197911100B03CCD /* AlarmPlus */,
			);
		};
/* End PBXProject section */

/* Begin PBXResourcesBuildPhase section */
		BABA18CE2197911100B03CCD /* Resources */ = {
			isa = PBXResourcesBuildPhase;
			buildActionMask = 2147483647;
			files = (
				BABA18DE2197911300B03CCD /* LaunchScreen.storyboard in Resources */,
				BABA18DB2197911300B03CCD /* Assets.xcassets in Resources */,
				BABA18D92197911100B03CCD /* Main.storyboard in Resources */,
			);
			runOnlyForDeploymentPostprocessing = 0;
		};
/* End PBXResourcesBuildPhase section */

/* Begin PBXSourcesBuildPhase section */
		BABA18CC2197911100B03CCD /* Sources */ = {
			isa = PBXSourcesBuildPhase;
			buildActionMask = 2147483647;
			files = (
				BAE4D8C521AF4CBE004A70AB /* StylingConstants.swift in Sources */,
				BAE4D8C121AF4852004A70AB /* Schedule.swift in Sources */,
				BABA18D62197911100B03CCD /* AlarmTableViewController.swift in Sources */,
				BA911DA021B092F60033A753 /* AlarmSettingsTableViewController.swift in Sources */,
				BA911DA221B0A5680033A753 /* MemoryFunctions.swift in Sources */,
				BAE4D8C721AF56C4004A70AB /* AlarmTableViewCell.swift in Sources */,
				BABA18E82197A42500B03CCD /* Snooze.swift in Sources */,
				BABA18D42197911100B03CCD /* AppDelegate.swift in Sources */,
				BABA18EA2197A44D00B03CCD /* Alert.swift in Sources */,
				BABA18E621979A2C00B03CCD /* Alarm.swift in Sources */,
			);
			runOnlyForDeploymentPostprocessing = 0;
		};
/* End PBXSourcesBuildPhase section */

/* Begin PBXVariantGroup section */
		BABA18D72197911100B03CCD /* Main.storyboard */ = {
			isa = PBXVariantGroup;
			children = (
				BABA18D82197911100B03CCD /* Base */,
			);
			name = Main.storyboard;
			sourceTree = "<group>";
		};
		BABA18DC2197911300B03CCD /* LaunchScreen.storyboard */ = {
			isa = PBXVariantGroup;
			children = (
				BABA18DD2197911300B03CCD /* Base */,
			);
			name = LaunchScreen.storyboard;
			sourceTree = "<group>";
		};
/* End PBXVariantGroup section */

/* Begin XCBuildConfiguration section */
		BABA18E02197911300B03CCD /* Debug */ = {
			isa = XCBuildConfiguration;
			buildSettings = {
				ALWAYS_SEARCH_USER_PATHS = NO;
				CLANG_ANALYZER_NONNULL = YES;
				CLANG_ANALYZER_NUMBER_OBJECT_CONVERSION = YES_AGGRESSIVE;
				CLANG_CXX_LANGUAGE_STANDARD = "gnu++14";
				CLANG_CXX_LIBRARY = "libc++";
				CLANG_ENABLE_MODULES = YES;
				CLANG_ENABLE_OBJC_ARC = YES;
				CLANG_ENABLE_OBJC_WEAK = YES;
				CLANG_WARN_BLOCK_CAPTURE_AUTORELEASING = YES;
				CLANG_WARN_BOOL_CONVERSION = YES;
				CLANG_WARN_COMMA = YES;
				CLANG_WARN_CONSTANT_CONVERSION = YES;
				CLANG_WARN_DEPRECATED_OBJC_IMPLEMENTATIONS = YES;
				CLANG_WARN_DIRECT_OBJC_ISA_USAGE = YES_ERROR;
				CLANG_WARN_DOCUMENTATION_COMMENTS = YES;
				CLANG_WARN_EMPTY_BODY = YES;
				CLANG_WARN_ENUM_CONVERSION = YES;
				CLANG_WARN_INFINITE_RECURSION = YES;
				CLANG_WARN_INT_CONVERSION = YES;
				CLANG_WARN_NON_LITERAL_NULL_CONVERSION = YES;
				CLANG_WARN_OBJC_IMPLICIT_RETAIN_SELF = YES;
				CLANG_WARN_OBJC_LITERAL_CONVERSION = YES;
				CLANG_WARN_OBJC_ROOT_CLASS = YES_ERROR;
				CLANG_WARN_RANGE_LOOP_ANALYSIS = YES;
				CLANG_WARN_STRICT_PROTOTYPES = YES;
				CLANG_WARN_SUSPICIOUS_MOVE = YES;
				CLANG_WARN_UNGUARDED_AVAILABILITY = YES_AGGRESSIVE;
				CLANG_WARN_UNREACHABLE_CODE = YES;
				CLANG_WARN__DUPLICATE_METHOD_MATCH = YES;
				CODE_SIGN_IDENTITY = "iPhone Developer";
				COPY_PHASE_STRIP = NO;
				DEBUG_INFORMATION_FORMAT = dwarf;
				ENABLE_STRICT_OBJC_MSGSEND = YES;
				ENABLE_TESTABILITY = YES;
				GCC_C_LANGUAGE_STANDARD = gnu11;
				GCC_DYNAMIC_NO_PIC = NO;
				GCC_NO_COMMON_BLOCKS = YES;
				GCC_OPTIMIZATION_LEVEL = 0;
				GCC_PREPROCESSOR_DEFINITIONS = (
					"DEBUG=1",
					"$(inherited)",
				);
				GCC_WARN_64_TO_32_BIT_CONVERSION = YES;
				GCC_WARN_ABOUT_RETURN_TYPE = YES_ERROR;
				GCC_WARN_UNDECLARED_SELECTOR = YES;
				GCC_WARN_UNINITIALIZED_AUTOS = YES_AGGRESSIVE;
				GCC_WARN_UNUSED_FUNCTION = YES;
				GCC_WARN_UNUSED_VARIABLE = YES;
				IPHONEOS_DEPLOYMENT_TARGET = 12.1;
				MTL_ENABLE_DEBUG_INFO = INCLUDE_SOURCE;
				MTL_FAST_MATH = YES;
				ONLY_ACTIVE_ARCH = YES;
				SDKROOT = iphoneos;
				SWIFT_ACTIVE_COMPILATION_CONDITIONS = DEBUG;
				SWIFT_OPTIMIZATION_LEVEL = "-Onone";
			};
			name = Debug;
		};
		BABA18E12197911300B03CCD /* Release */ = {
			isa = XCBuildConfiguration;
			buildSettings = {
				ALWAYS_SEARCH_USER_PATHS = NO;
				CLANG_ANALYZER_NONNULL = YES;
				CLANG_ANALYZER_NUMBER_OBJECT_CONVERSION = YES_AGGRESSIVE;
				CLANG_CXX_LANGUAGE_STANDARD = "gnu++14";
				CLANG_CXX_LIBRARY = "libc++";
				CLANG_ENABLE_MODULES = YES;
				CLANG_ENABLE_OBJC_ARC = YES;
				CLANG_ENABLE_OBJC_WEAK = YES;
				CLANG_WARN_BLOCK_CAPTURE_AUTORELEASING = YES;
				CLANG_WARN_BOOL_CONVERSION = YES;
				CLANG_WARN_COMMA = YES;
				CLANG_WARN_CONSTANT_CONVERSION = YES;
				CLANG_WARN_DEPRECATED_OBJC_IMPLEMENTATIONS = YES;
				CLANG_WARN_DIRECT_OBJC_ISA_USAGE = YES_ERROR;
				CLANG_WARN_DOCUMENTATION_COMMENTS = YES;
				CLANG_WARN_EMPTY_BODY = YES;
				CLANG_WARN_ENUM_CONVERSION = YES;
				CLANG_WARN_INFINITE_RECURSION = YES;
				CLANG_WARN_INT_CONVERSION = YES;
				CLANG_WARN_NON_LITERAL_NULL_CONVERSION = YES;
				CLANG_WARN_OBJC_IMPLICIT_RETAIN_SELF = YES;
				CLANG_WARN_OBJC_LITERAL_CONVERSION = YES;
				CLANG_WARN_OBJC_ROOT_CLASS = YES_ERROR;
				CLANG_WARN_RANGE_LOOP_ANALYSIS = YES;
				CLANG_WARN_STRICT_PROTOTYPES = YES;
				CLANG_WARN_SUSPICIOUS_MOVE = YES;
				CLANG_WARN_UNGUARDED_AVAILABILITY = YES_AGGRESSIVE;
				CLANG_WARN_UNREACHABLE_CODE = YES;
				CLANG_WARN__DUPLICATE_METHOD_MATCH = YES;
				CODE_SIGN_IDENTITY = "iPhone Developer";
				COPY_PHASE_STRIP = NO;
				DEBUG_INFORMATION_FORMAT = "dwarf-with-dsym";
				ENABLE_NS_ASSERTIONS = NO;
				ENABLE_STRICT_OBJC_MSGSEND = YES;
				GCC_C_LANGUAGE_STANDARD = gnu11;
				GCC_NO_COMMON_BLOCKS = YES;
				GCC_WARN_64_TO_32_BIT_CONVERSION = YES;
				GCC_WARN_ABOUT_RETURN_TYPE = YES_ERROR;
				GCC_WARN_UNDECLARED_SELECTOR = YES;
				GCC_WARN_UNINITIALIZED_AUTOS = YES_AGGRESSIVE;
				GCC_WARN_UNUSED_FUNCTION = YES;
				GCC_WARN_UNUSED_VARIABLE = YES;
				IPHONEOS_DEPLOYMENT_TARGET = 12.1;
				MTL_ENABLE_DEBUG_INFO = NO;
				MTL_FAST_MATH = YES;
				SDKROOT = iphoneos;
				SWIFT_COMPILATION_MODE = wholemodule;
				SWIFT_OPTIMIZATION_LEVEL = "-O";
				VALIDATE_PRODUCT = YES;
			};
			name = Release;
		};
		BABA18E32197911300B03CCD /* Debug */ = {
			isa = XCBuildConfiguration;
			buildSettings = {
				ASSETCATALOG_COMPILER_APPICON_NAME = AppIcon;
				CODE_SIGN_STYLE = Automatic;
				DEVELOPMENT_TEAM = 96BN6Y34VN;
				INFOPLIST_FILE = AlarmPlus/Info.plist;
				LD_RUNPATH_SEARCH_PATHS = (
					"$(inherited)",
					"@executable_path/Frameworks",
				);
				PRODUCT_BUNDLE_IDENTIFIER = Praxsis.AlarmPlus;
				PRODUCT_NAME = "$(TARGET_NAME)";
				SWIFT_VERSION = 4.2;
				TARGETED_DEVICE_FAMILY = "1,2";
			};
			name = Debug;
		};
		BABA18E42197911300B03CCD /* Release */ = {
			isa = XCBuildConfiguration;
			buildSettings = {
				ASSETCATALOG_COMPILER_APPICON_NAME = AppIcon;
				CODE_SIGN_STYLE = Automatic;
				DEVELOPMENT_TEAM = 96BN6Y34VN;
				INFOPLIST_FILE = AlarmPlus/Info.plist;
				LD_RUNPATH_SEARCH_PATHS = (
					"$(inherited)",
					"@executable_path/Frameworks",
				);
				PRODUCT_BUNDLE_IDENTIFIER = Praxsis.AlarmPlus;
				PRODUCT_NAME = "$(TARGET_NAME)";
				SWIFT_VERSION = 4.2;
				TARGETED_DEVICE_FAMILY = "1,2";
			};
			name = Release;
		};
/* End XCBuildConfiguration section */

/* Begin XCConfigurationList section */
		BABA18CB2197911100B03CCD /* Build configuration list for PBXProject "AlarmPlus" */ = {
			isa = XCConfigurationList;
			buildConfigurations = (
				BABA18E02197911300B03CCD /* Debug */,
				BABA18E12197911300B03CCD /* Release */,
			);
			defaultConfigurationIsVisible = 0;
			defaultConfigurationName = Release;
		};
		BABA18E22197911300B03CCD /* Build configuration list for PBXNativeTarget "AlarmPlus" */ = {
			isa = XCConfigurationList;
			buildConfigurations = (
				BABA18E32197911300B03CCD /* Debug */,
				BABA18E42197911300B03CCD /* Release */,
			);
			defaultConfigurationIsVisible = 0;
			defaultConfigurationName = Release;
		};
/* End XCConfigurationList section */
	};
	rootObject = BABA18C82197911100B03CCD /* Project object */;
}
